{
  "name": "learnfrontend",
  "version": "0.0.1",
  "lockfileVersion": 1,
  "requires": true,
  "dependencies": {
    "rxjs": {
      "version": "5.5.7",
      "resolved": "http://registry.npm.taobao.org/rxjs/download/rxjs-5.5.7.tgz",
      "integrity": "sha512-Hxo2ac8gRQjwjtKgukMIwBRbq5+KAeEV5hXM4obYBOAghev41bDQWgFH4svYiU9UnQ5kNww2LgfyBdevCd2HXA==",
      "requires": {
        "symbol-observable": "1.0.1"
      },
      "dependencies": {
        "symbol-observable": {
          "version": "1.0.1",
          "resolved": "https://registry.npmjs.org/symbol-observable/-/symbol-observable-1.0.1.tgz",
          "integrity": "sha1-g0D8RwLDEi310iKI+IKD9RPT/dQ="
        }
      }
    },
    "zone.js": {
      "version": "0.8.26",
      "resolved": "https://registry.npmjs.org/zone.js/-/zone.js-0.8.26.tgz",
      "integrity": "sha512-W9Nj+UmBJG251wkCacIkETgra4QgBo/vgoEkb4a2uoLzpQG7qF9nzwoLXWU5xj3Fg2mxGvEDh47mg24vXccYjA==",
      "dev": true
    }
  }
}
